// !$*UTF8*$!
{
	archiveVersion = 1;
	classes = {
	};
	objectVersion = 55;
	objects = {

/* Begin PBXBuildFile section */
		A145513E2851A6B9006DC40B /* AppDelegate.swift in Sources */ = {isa = PBXBuildFile; fileRef = A145513D2851A6B9006DC40B /* AppDelegate.swift */; };
		A14551402851A6B9006DC40B /* SceneDelegate.swift in Sources */ = {isa = PBXBuildFile; fileRef = A145513F2851A6B9006DC40B /* SceneDelegate.swift */; };
		A14551452851A6B9006DC40B /* Main.storyboard in Resources */ = {isa = PBXBuildFile; fileRef = A14551432851A6B9006DC40B /* Main.storyboard */; };
		A14551482851A6B9006DC40B /* __Pensamentos.xcdatamodeld in Sources */ = {isa = PBXBuildFile; fileRef = A14551462851A6B9006DC40B /* __Pensamentos.xcdatamodeld */; };
		A14551562851A772006DC40B /* quotes.json in Resources */ = {isa = PBXBuildFile; fileRef = A14551542851A772006DC40B /* quotes.json */; };
		A14551572851A772006DC40B /* Savoye LET.ttc in Resources */ = {isa = PBXBuildFile; fileRef = A14551552851A772006DC40B /* Savoye LET.ttc */; };
		A145515A2851B7ED006DC40B /* QuotesViewController.swift in Sources */ = {isa = PBXBuildFile; fileRef = A14551592851B7ED006DC40B /* QuotesViewController.swift */; };
		A145515C2851B82D006DC40B /* ConfigViewController.swift in Sources */ = {isa = PBXBuildFile; fileRef = A145515B2851B82D006DC40B /* ConfigViewController.swift */; };
		A14551602851BE07006DC40B /* Quote.swift in Sources */ = {isa = PBXBuildFile; fileRef = A145515F2851BE07006DC40B /* Quote.swift */; };
		A14551632851BE59006DC40B /* QuotesManager.swift in Sources */ = {isa = PBXBuildFile; fileRef = A14551622851BE59006DC40B /* QuotesManager.swift */; };
		A14551652851BE80006DC40B /* Configuration.swift in Sources */ = {isa = PBXBuildFile; fileRef = A14551642851BE80006DC40B /* Configuration.swift */; };
		A1FB04B72851E0BA00A9657B /* Assets.xcassets in Resources */ = {isa = PBXBuildFile; fileRef = A14551492851A6BE006DC40B /* Assets.xcassets */; };
		A1FFC45F2851C804004F29E7 /* LaunchScreen.storyboard in Resources */ = {isa = PBXBuildFile; fileRef = A1FFC45E2851C804004F29E7 /* LaunchScreen.storyboard */; };
		A1FFC4612851D5E0004F29E7 /* Settings.bundle in Resources */ = {isa = PBXBuildFile; fileRef = A1FFC4602851D5E0004F29E7 /* Settings.bundle */; };
/* End PBXBuildFile section */

/* Begin PBXFileReference section */
		A145513A2851A6B9006DC40B /* 9 Pensamentos.app */ = {isa = PBXFileReference; explicitFileType = wrapper.application; includeInIndex = 0; path = "9 Pensamentos.app"; sourceTree = BUILT_PRODUCTS_DIR; };
		A145513D2851A6B9006DC40B /* AppDelegate.swift */ = {isa = PBXFileReference; lastKnownFileType = sourcecode.swift; path = AppDelegate.swift; sourceTree = "<group>"; };
		A145513F2851A6B9006DC40B /* SceneDelegate.swift */ = {isa = PBXFileReference; lastKnownFileType = sourcecode.swift; path = SceneDelegate.swift; sourceTree = "<group>"; };
		A14551442851A6B9006DC40B /* Base */ = {isa = PBXFileReference; lastKnownFileType = file.storyboard; name = Base; path = Base.lproj/Main.storyboard; sourceTree = "<group>"; };
		A14551472851A6B9006DC40B /* __Pensamentos.xcdatamodel */ = {isa = PBXFileReference; lastKnownFileType = wrapper.xcdatamodel; path = __Pensamentos.xcdatamodel; sourceTree = "<group>"; };
		A14551492851A6BE006DC40B /* Assets.xcassets */ = {isa = PBXFileReference; lastKnownFileType = folder.assetcatalog; path = Assets.xcassets; sourceTree = "<group>"; };
		A145514E2851A6BE006DC40B /* Info.plist */ = {isa = PBXFileReference; lastKnownFileType = text.plist.xml; path = Info.plist; sourceTree = "<group>"; };
		A14551542851A772006DC40B /* quotes.json */ = {isa = PBXFileReference; fileEncoding = 4; lastKnownFileType = text.json; path = quotes.json; sourceTree = "<group>"; };
		A14551552851A772006DC40B /* Savoye LET.ttc */ = {isa = PBXFileReference; lastKnownFileType = file; path = "Savoye LET.ttc"; sourceTree = "<group>"; };
		A14551592851B7ED006DC40B /* QuotesViewController.swift */ = {isa = PBXFileReference; lastKnownFileType = sourcecode.swift; path = QuotesViewController.swift; sourceTree = "<group>"; };
		A145515B2851B82D006DC40B /* ConfigViewController.swift */ = {isa = PBXFileReference; lastKnownFileType = sourcecode.swift; path = ConfigViewController.swift; sourceTree = "<group>"; };
		A145515F2851BE07006DC40B /* Quote.swift */ = {isa = PBXFileReference; lastKnownFileType = sourcecode.swift; path = Quote.swift; sourceTree = "<group>"; };
		A14551622851BE59006DC40B /* QuotesManager.swift */ = {isa = PBXFileReference; lastKnownFileType = sourcecode.swift; path = QuotesManager.swift; sourceTree = "<group>"; };
		A14551642851BE80006DC40B /* Configuration.swift */ = {isa = PBXFileReference; lastKnownFileType = sourcecode.swift; path = Configuration.swift; sourceTree = "<group>"; };
		A1FFC45E2851C804004F29E7 /* LaunchScreen.storyboard */ = {isa = PBXFileReference; fileEncoding = 4; lastKnownFileType = file.storyboard; path = LaunchScreen.storyboard; sourceTree = "<group>"; };
		A1FFC4602851D5E0004F29E7 /* Settings.bundle */ = {isa = PBXFileReference; lastKnownFileType = "wrapper.plug-in"; name = Settings.bundle; path = "9 Pensamentos/Settings.bundle"; sourceTree = SOURCE_ROOT; };
/* End PBXFileReference section */

/* Begin PBXFrameworksBuildPhase section */
		A14551372851A6B9006DC40B /* Frameworks */ = {
			isa = PBXFrameworksBuildPhase;
			buildActionMask = 2147483647;
			files = (
			);
			runOnlyForDeploymentPostprocessing = 0;
		};
/* End PBXFrameworksBuildPhase section */

/* Begin PBXGroup section */
		A14551312851A6B9006DC40B = {
			isa = PBXGroup;
			children = (
				A145513C2851A6B9006DC40B /* 9 Pensamentos */,
				A145513B2851A6B9006DC40B /* Products */,
			);
			sourceTree = "<group>";
		};
		A145513B2851A6B9006DC40B /* Products */ = {
			isa = PBXGroup;
			children = (
				A145513A2851A6B9006DC40B /* 9 Pensamentos.app */,
			);
			name = Products;
			sourceTree = "<group>";
		};
		A145513C2851A6B9006DC40B /* 9 Pensamentos */ = {
			isa = PBXGroup;
			children = (
				A145513D2851A6B9006DC40B /* AppDelegate.swift */,
				A145513F2851A6B9006DC40B /* SceneDelegate.swift */,
				A14551582851A783006DC40B /* Files */,
				A14551612851BE40006DC40B /* Models */,
				A145515E2851B863006DC40B /* Views */,
				A145515D2851B844006DC40B /* Controllers */,
				A14551492851A6BE006DC40B /* Assets.xcassets */,
				A1FFC4602851D5E0004F29E7 /* Settings.bundle */,
				A145514E2851A6BE006DC40B /* Info.plist */,
				A14551462851A6B9006DC40B /* __Pensamentos.xcdatamodeld */,
			);
			path = "9 Pensamentos";
			sourceTree = "<group>";
		};
		A14551582851A783006DC40B /* Files */ = {
			isa = PBXGroup;
			children = (
				A14551542851A772006DC40B /* quotes.json */,
				A14551552851A772006DC40B /* Savoye LET.ttc */,
			);
			path = Files;
			sourceTree = "<group>";
		};
		A145515D2851B844006DC40B /* Controllers */ = {
			isa = PBXGroup;
			children = (
				A145515B2851B82D006DC40B /* ConfigViewController.swift */,
				A14551592851B7ED006DC40B /* QuotesViewController.swift */,
			);
			path = Controllers;
			sourceTree = "<group>";
		};
		A145515E2851B863006DC40B /* Views */ = {
			isa = PBXGroup;
			children = (
				A14551432851A6B9006DC40B /* Main.storyboard */,
				A1FFC45E2851C804004F29E7 /* LaunchScreen.storyboard */,
			);
			path = Views;
			sourceTree = "<group>";
		};
		A14551612851BE40006DC40B /* Models */ = {
			isa = PBXGroup;
			children = (
				A145515F2851BE07006DC40B /* Quote.swift */,
				A14551622851BE59006DC40B /* QuotesManager.swift */,
				A14551642851BE80006DC40B /* Configuration.swift */,
			);
			path = Models;
			sourceTree = "<group>";
		};
/* End PBXGroup section */

/* Begin PBXNativeTarget section */
		A14551392851A6B9006DC40B /* 9 Pensamentos */ = {
			isa = PBXNativeTarget;
			buildConfigurationList = A14551512851A6BE006DC40B /* Build configuration list for PBXNativeTarget "9 Pensamentos" */;
			buildPhases = (
				A14551362851A6B9006DC40B /* Sources */,
				A14551372851A6B9006DC40B /* Frameworks */,
				A14551382851A6B9006DC40B /* Resources */,
			);
			buildRules = (
			);
			dependencies = (
			);
			name = "9 Pensamentos";
			productName = "9 Pensamentos";
			productReference = A145513A2851A6B9006DC40B /* 9 Pensamentos.app */;
			productType = "com.apple.product-type.application";
		};
/* End PBXNativeTarget section */

/* Begin PBXProject section */
		A14551322851A6B9006DC40B /* Project object */ = {
			isa = PBXProject;
			attributes = {
				BuildIndependentTargetsInParallel = 1;
				LastSwiftUpdateCheck = 1340;
				LastUpgradeCheck = 1340;
				TargetAttributes = {
					A14551392851A6B9006DC40B = {
						CreatedOnToolsVersion = 13.4.1;
					};
				};
			};
			buildConfigurationList = A14551352851A6B9006DC40B /* Build configuration list for PBXProject "9 Pensamentos" */;
			compatibilityVersion = "Xcode 13.0";
			developmentRegion = en;
			hasScannedForEncodings = 0;
			knownRegions = (
				en,
				Base,
			);
			mainGroup = A14551312851A6B9006DC40B;
			productRefGroup = A145513B2851A6B9006DC40B /* Products */;
			projectDirPath = "";
			projectRoot = "";
			targets = (
				A14551392851A6B9006DC40B /* 9 Pensamentos */,
			);
		};
/* End PBXProject section */

/* Begin PBXResourcesBuildPhase section */
		A14551382851A6B9006DC40B /* Resources */ = {
			isa = PBXResourcesBuildPhase;
			buildActionMask = 2147483647;
			files = (
				A14551562851A772006DC40B /* quotes.json in Resources */,
				A14551572851A772006DC40B /* Savoye LET.ttc in Resources */,
				A1FFC45F2851C804004F29E7 /* LaunchScreen.storyboard in Resources */,
				A1FFC4612851D5E0004F29E7 /* Settings.bundle in Resources */,
				A1FB04B72851E0BA00A9657B /* Assets.xcassets in Resources */,
				A14551452851A6B9006DC40B /* Main.storyboard in Resources */,
			);
			runOnlyForDeploymentPostprocessing = 0;
		};
/* End PBXResourcesBuildPhase section */

/* Begin PBXSourcesBuildPhase section */
		A14551362851A6B9006DC40B /* Sources */ = {
			isa = PBXSourcesBuildPhase;
			buildActionMask = 2147483647;
			files = (
				A14551482851A6B9006DC40B /* __Pensamentos.xcdatamodeld in Sources */,
				A145515A2851B7ED006DC40B /* QuotesViewController.swift in Sources */,
				A145513E2851A6B9006DC40B /* AppDelegate.swift in Sources */,
				A145515C2851B82D006DC40B /* ConfigViewController.swift in Sources */,
				A14551602851BE07006DC40B /* Quote.swift in Sources */,
				A14551632851BE59006DC40B /* QuotesManager.swift in Sources */,
				A14551652851BE80006DC40B /* Configuration.swift in Sources */,
				A14551402851A6B9006DC40B /* SceneDelegate.swift in Sources */,
			);
			runOnlyForDeploymentPostprocessing = 0;
		};
/* End PBXSourcesBuildPhase section */

/* Begin PBXVariantGroup section */
		A14551432851A6B9006DC40B /* Main.storyboard */ = {
			isa = PBXVariantGroup;
			children = (
				A14551442851A6B9006DC40B /* Base */,
			);
			name = Main.storyboard;
			sourceTree = "<group>";
		};
/* End PBXVariantGroup section */

/* Begin XCBuildConfiguration section */
		A145514F2851A6BE006DC40B /* Debug */ = {
			isa = XCBuildConfiguration;
			buildSettings = {
				ALWAYS_SEARCH_USER_PATHS = NO;
				CLANG_ANALYZER_NONNULL = YES;
				CLANG_ANALYZER_NUMBER_OBJECT_CONVERSION = YES_AGGRESSIVE;
				CLANG_CXX_LANGUAGE_STANDARD = "gnu++17";
				CLANG_ENABLE_MODULES = YES;
				CLANG_ENABLE_OBJC_ARC = YES;
				CLANG_ENABLE_OBJC_WEAK = YES;
				CLANG_WARN_BLOCK_CAPTURE_AUTORELEASING = YES;
				CLANG_WARN_BOOL_CONVERSION = YES;
				CLANG_WARN_COMMA = YES;
				CLANG_WARN_CONSTANT_CONVERSION = YES;
				CLANG_WARN_DEPRECATED_OBJC_IMPLEMENTATIONS = YES;
				CLANG_WARN_DIRECT_OBJC_ISA_USAGE = YES_ERROR;
				CLANG_WARN_DOCUMENTATION_COMMENTS = YES;
				CLANG_WARN_EMPTY_BODY = YES;
				CLANG_WARN_ENUM_CONVERSION = YES;
				CLANG_WARN_INFINITE_RECURSION = YES;
				CLANG_WARN_INT_CONVERSION = YES;
				CLANG_WARN_NON_LITERAL_NULL_CONVERSION = YES;
				CLANG_WARN_OBJC_IMPLICIT_RETAIN_SELF = YES;
				CLANG_WARN_OBJC_LITERAL_CONVERSION = YES;
				CLANG_WARN_OBJC_ROOT_CLASS = YES_ERROR;
				CLANG_WARN_QUOTED_INCLUDE_IN_FRAMEWORK_HEADER = YES;
				CLANG_WARN_RANGE_LOOP_ANALYSIS = YES;
				CLANG_WARN_STRICT_PROTOTYPES = YES;
				CLANG_WARN_SUSPICIOUS_MOVE = YES;
				CLANG_WARN_UNGUARDED_AVAILABILITY = YES_AGGRESSIVE;
				CLANG_WARN_UNREACHABLE_CODE = YES;
				CLANG_WARN__DUPLICATE_METHOD_MATCH = YES;
				COPY_PHASE_STRIP = NO;
				DEBUG_INFORMATION_FORMAT = dwarf;
				ENABLE_STRICT_OBJC_MSGSEND = YES;
				ENABLE_TESTABILITY = YES;
				GCC_C_LANGUAGE_STANDARD = gnu11;
				GCC_DYNAMIC_NO_PIC = NO;
				GCC_NO_COMMON_BLOCKS = YES;
				GCC_OPTIMIZATION_LEVEL = 0;
				GCC_PREPROCESSOR_DEFINITIONS = (
					"DEBUG=1",
					"$(inherited)",
				);
				GCC_WARN_64_TO_32_BIT_CONVERSION = YES;
				GCC_WARN_ABOUT_RETURN_TYPE = YES_ERROR;
				GCC_WARN_UNDECLARED_SELECTOR = YES;
				GCC_WARN_UNINITIALIZED_AUTOS = YES_AGGRESSIVE;
				GCC_WARN_UNUSED_FUNCTION = YES;
				GCC_WARN_UNUSED_VARIABLE = YES;
				IPHONEOS_DEPLOYMENT_TARGET = 15.5;
				MTL_ENABLE_DEBUG_INFO = INCLUDE_SOURCE;
				MTL_FAST_MATH = YES;
				ONLY_ACTIVE_ARCH = YES;
				SDKROOT = iphoneos;
				SWIFT_ACTIVE_COMPILATION_CONDITIONS = DEBUG;
				SWIFT_OPTIMIZATION_LEVEL = "-Onone";
			};
			name = Debug;
		};
		A14551502851A6BE006DC40B /* Release */ = {
			isa = XCBuildConfiguration;
			buildSettings = {
				ALWAYS_SEARCH_USER_PATHS = NO;
				CLANG_ANALYZER_NONNULL = YES;
				CLANG_ANALYZER_NUMBER_OBJECT_CONVERSION = YES_AGGRESSIVE;
				CLANG_CXX_LANGUAGE_STANDARD = "gnu++17";
				CLANG_ENABLE_MODULES = YES;
				CLANG_ENABLE_OBJC_ARC = YES;
				CLANG_ENABLE_OBJC_WEAK = YES;
				CLANG_WARN_BLOCK_CAPTURE_AUTORELEASING = YES;
				CLANG_WARN_BOOL_CONVERSION = YES;
				CLANG_WARN_COMMA = YES;
				CLANG_WARN_CONSTANT_CONVERSION = YES;
				CLANG_WARN_DEPRECATED_OBJC_IMPLEMENTATIONS = YES;
				CLANG_WARN_DIRECT_OBJC_ISA_USAGE = YES_ERROR;
				CLANG_WARN_DOCUMENTATION_COMMENTS = YES;
				CLANG_WARN_EMPTY_BODY = YES;
				CLANG_WARN_ENUM_CONVERSION = YES;
				CLANG_WARN_INFINITE_RECURSION = YES;
				CLANG_WARN_INT_CONVERSION = YES;
				CLANG_WARN_NON_LITERAL_NULL_CONVERSION = YES;
				CLANG_WARN_OBJC_IMPLICIT_RETAIN_SELF = YES;
				CLANG_WARN_OBJC_LITERAL_CONVERSION = YES;
				CLANG_WARN_OBJC_ROOT_CLASS = YES_ERROR;
				CLANG_WARN_QUOTED_INCLUDE_IN_FRAMEWORK_HEADER = YES;
				CLANG_WARN_RANGE_LOOP_ANALYSIS = YES;
				CLANG_WARN_STRICT_PROTOTYPES = YES;
				CLANG_WARN_SUSPICIOUS_MOVE = YES;
				CLANG_WARN_UNGUARDED_AVAILABILITY = YES_AGGRESSIVE;
				CLANG_WARN_UNREACHABLE_CODE = YES;
				CLANG_WARN__DUPLICATE_METHOD_MATCH = YES;
				COPY_PHASE_STRIP = NO;
				DEBUG_INFORMATION_FORMAT = "dwarf-with-dsym";
				ENABLE_NS_ASSERTIONS = NO;
				ENABLE_STRICT_OBJC_MSGSEND = YES;
				GCC_C_LANGUAGE_STANDARD = gnu11;
				GCC_NO_COMMON_BLOCKS = YES;
				GCC_WARN_64_TO_32_BIT_CONVERSION = YES;
				GCC_WARN_ABOUT_RETURN_TYPE = YES_ERROR;
				GCC_WARN_UNDECLARED_SELECTOR = YES;
				GCC_WARN_UNINITIALIZED_AUTOS = YES_AGGRESSIVE;
				GCC_WARN_UNUSED_FUNCTION = YES;
				GCC_WARN_UNUSED_VARIABLE = YES;
				IPHONEOS_DEPLOYMENT_TARGET = 15.5;
				MTL_ENABLE_DEBUG_INFO = NO;
				MTL_FAST_MATH = YES;
				SDKROOT = iphoneos;
				SWIFT_COMPILATION_MODE = wholemodule;
				SWIFT_OPTIMIZATION_LEVEL = "-O";
				VALIDATE_PRODUCT = YES;
			};
			name = Release;
		};
		A14551522851A6BE006DC40B /* Debug */ = {
			isa = XCBuildConfiguration;
			buildSettings = {
				ASSETCATALOG_COMPILER_GLOBAL_ACCENT_COLOR_NAME = AccentColor;
				CODE_SIGN_STYLE = Automatic;
				CURRENT_PROJECT_VERSION = 1;
				DEVELOPMENT_TEAM = 228C4R574Q;
				GENERATE_INFOPLIST_FILE = YES;
				INFOPLIST_FILE = "9 Pensamentos/Info.plist";
				INFOPLIST_KEY_UIApplicationSupportsIndirectInputEvents = YES;
				INFOPLIST_KEY_UILaunchStoryboardName = LaunchScreen;
				INFOPLIST_KEY_UIMainStoryboardFile = Main;
				INFOPLIST_KEY_UISupportedInterfaceOrientations = UIInterfaceOrientationPortrait;
				INFOPLIST_KEY_UISupportedInterfaceOrientations_iPad = "UIInterfaceOrientationPortrait UIInterfaceOrientationPortraitUpsideDown UIInterfaceOrientationLandscapeLeft UIInterfaceOrientationLandscapeRight";
				INFOPLIST_KEY_UISupportedInterfaceOrientations_iPhone = "UIInterfaceOrientationPortrait UIInterfaceOrientationLandscapeLeft UIInterfaceOrientationLandscapeRight";
				LD_RUNPATH_SEARCH_PATHS = (
					"$(inherited)",
					"@executable_path/Frameworks",
				);
				MARKETING_VERSION = 1.0;
				PRODUCT_BUNDLE_IDENTIFIER = "com.matheusoliveira.--Pensamentos";
				PRODUCT_NAME = "$(TARGET_NAME)";
				SWIFT_EMIT_LOC_STRINGS = YES;
				SWIFT_VERSION = 5.0;
				TARGETED_DEVICE_FAMILY = 1;
			};
			name = Debug;
		};
		A14551532851A6BE006DC40B /* Release */ = {
			isa = XCBuildConfiguration;
			buildSettings = {
				ASSETCATALOG_COMPILER_GLOBAL_ACCENT_COLOR_NAME = AccentColor;
				CODE_SIGN_STYLE = Automatic;
				CURRENT_PROJECT_VERSION = 1;
				DEVELOPMENT_TEAM = 228C4R574Q;
				GENERATE_INFOPLIST_FILE = YES;
				INFOPLIST_FILE = "9 Pensamentos/Info.plist";
				INFOPLIST_KEY_UIApplicationSupportsIndirectInputEvents = YES;
				INFOPLIST_KEY_UILaunchStoryboardName = LaunchScreen;
				INFOPLIST_KEY_UIMainStoryboardFile = Main;
				INFOPLIST_KEY_UISupportedInterfaceOrientations = UIInterfaceOrientationPortrait;
				INFOPLIST_KEY_UISupportedInterfaceOrientations_iPad = "UIInterfaceOrientationPortrait UIInterfaceOrientationPortraitUpsideDown UIInterfaceOrientationLandscapeLeft UIInterfaceOrientationLandscapeRight";
				INFOPLIST_KEY_UISupportedInterfaceOrientations_iPhone = "UIInterfaceOrientationPortrait UIInterfaceOrientationLandscapeLeft UIInterfaceOrientationLandscapeRight";
				LD_RUNPATH_SEARCH_PATHS = (
					"$(inherited)",
					"@executable_path/Frameworks",
				);
				MARKETING_VERSION = 1.0;
				PRODUCT_BUNDLE_IDENTIFIER = "com.matheusoliveira.--Pensamentos";
				PRODUCT_NAME = "$(TARGET_NAME)";
				SWIFT_EMIT_LOC_STRINGS = YES;
				SWIFT_VERSION = 5.0;
				TARGETED_DEVICE_FAMILY = 1;
			};
			name = Release;
		};
/* End XCBuildConfiguration section */

/* Begin XCConfigurationList section */
		A14551352851A6B9006DC40B /* Build configuration list for PBXProject "9 Pensamentos" */ = {
			isa = XCConfigurationList;
			buildConfigurations = (
				A145514F2851A6BE006DC40B /* Debug */,
				A14551502851A6BE006DC40B /* Release */,
			);
			defaultConfigurationIsVisible = 0;
			defaultConfigurationName = Release;
		};
		A14551512851A6BE006DC40B /* Build configuration list for PBXNativeTarget "9 Pensamentos" */ = {
			isa = XCConfigurationList;
			buildConfigurations = (
				A14551522851A6BE006DC40B /* Debug */,
				A14551532851A6BE006DC40B /* Release */,
			);
			defaultConfigurationIsVisible = 0;
			defaultConfigurationName = Release;
		};
/* End XCConfigurationList section */

/* Begin XCVersionGroup section */
		A14551462851A6B9006DC40B /* __Pensamentos.xcdatamodeld */ = {
			isa = XCVersionGroup;
			children = (
				A14551472851A6B9006DC40B /* __Pensamentos.xcdatamodel */,
			);
			currentVersion = A14551472851A6B9006DC40B /* __Pensamentos.xcdatamodel */;
			path = __Pensamentos.xcdatamodeld;
			sourceTree = "<group>";
			versionGroupType = wrapper.xcdatamodel;
		};
/* End XCVersionGroup section */
	};
	rootObject = A14551322851A6B9006DC40B /* Project object */;
}
